// !$*UTF8*$!
{
	archiveVersion = 1;
	classes = {
	};
	objectVersion = 56;
	objects = {

/* Begin PBXBuildFile section */
		31AE2D822A79759B00DBF4B8 /* TestNavApp.swift in Sources */ = {isa = PBXBuildFile; fileRef = 31AE2D812A79759B00DBF4B8 /* TestNavApp.swift */; };
		31AE2D842A79759B00DBF4B8 /* ContentView.swift in Sources */ = {isa = PBXBuildFile; fileRef = 31AE2D832A79759B00DBF4B8 /* ContentView.swift */; };
		31AE2D862A79759C00DBF4B8 /* Assets.xcassets in Resources */ = {isa = PBXBuildFile; fileRef = 31AE2D852A79759C00DBF4B8 /* Assets.xcassets */; };
		31AE2D892A79759C00DBF4B8 /* Preview Assets.xcassets in Resources */ = {isa = PBXBuildFile; fileRef = 31AE2D882A79759C00DBF4B8 /* Preview Assets.xcassets */; };
		31AE2D902A7975B000DBF4B8 /* ModalView.swift in Sources */ = {isa = PBXBuildFile; fileRef = 31AE2D8F2A7975B000DBF4B8 /* ModalView.swift */; };
		31AE2D922A7976DA00DBF4B8 /* SecondView.swift in Sources */ = {isa = PBXBuildFile; fileRef = 31AE2D912A7976DA00DBF4B8 /* SecondView.swift */; };
		31AE2D952A797BDA00DBF4B8 /* RootViewModel.swift in Sources */ = {isa = PBXBuildFile; fileRef = 31AE2D942A797BDA00DBF4B8 /* RootViewModel.swift */; };
		31AE2D972A797BFB00DBF4B8 /* RootState.swift in Sources */ = {isa = PBXBuildFile; fileRef = 31AE2D962A797BFB00DBF4B8 /* RootState.swift */; };
		31AE2D992A797C1300DBF4B8 /* RootCoordinator.swift in Sources */ = {isa = PBXBuildFile; fileRef = 31AE2D982A797C1300DBF4B8 /* RootCoordinator.swift */; };
		31AE2D9C2A797D5E00DBF4B8 /* ModalState.swift in Sources */ = {isa = PBXBuildFile; fileRef = 31AE2D9B2A797D5E00DBF4B8 /* ModalState.swift */; };
		31AE2D9E2A797DAD00DBF4B8 /* ModalCoordinator.swift in Sources */ = {isa = PBXBuildFile; fileRef = 31AE2D9D2A797DAD00DBF4B8 /* ModalCoordinator.swift */; };
		31AE2DA02A797E4000DBF4B8 /* ModalViewModel.swift in Sources */ = {isa = PBXBuildFile; fileRef = 31AE2D9F2A797E4000DBF4B8 /* ModalViewModel.swift */; };
		31AE2DA32A7AABF600DBF4B8 /* OldModalView.swift in Sources */ = {isa = PBXBuildFile; fileRef = 31AE2DA22A7AABF600DBF4B8 /* OldModalView.swift */; };
		31AE2DA52A7AAC3D00DBF4B8 /* OldContentView.swift in Sources */ = {isa = PBXBuildFile; fileRef = 31AE2DA42A7AAC3D00DBF4B8 /* OldContentView.swift */; };
/* End PBXBuildFile section */

/* Begin PBXFileReference section */
		31AE2D7E2A79759B00DBF4B8 /* TestNav.app */ = {isa = PBXFileReference; explicitFileType = wrapper.application; includeInIndex = 0; path = TestNav.app; sourceTree = BUILT_PRODUCTS_DIR; };
		31AE2D812A79759B00DBF4B8 /* TestNavApp.swift */ = {isa = PBXFileReference; lastKnownFileType = sourcecode.swift; path = TestNavApp.swift; sourceTree = "<group>"; };
		31AE2D832A79759B00DBF4B8 /* ContentView.swift */ = {isa = PBXFileReference; lastKnownFileType = sourcecode.swift; path = ContentView.swift; sourceTree = "<group>"; };
		31AE2D852A79759C00DBF4B8 /* Assets.xcassets */ = {isa = PBXFileReference; lastKnownFileType = folder.assetcatalog; path = Assets.xcassets; sourceTree = "<group>"; };
		31AE2D882A79759C00DBF4B8 /* Preview Assets.xcassets */ = {isa = PBXFileReference; lastKnownFileType = folder.assetcatalog; path = "Preview Assets.xcassets"; sourceTree = "<group>"; };
		31AE2D8F2A7975B000DBF4B8 /* ModalView.swift */ = {isa = PBXFileReference; lastKnownFileType = sourcecode.swift; path = ModalView.swift; sourceTree = "<group>"; };
		31AE2D912A7976DA00DBF4B8 /* SecondView.swift */ = {isa = PBXFileReference; lastKnownFileType = sourcecode.swift; path = SecondView.swift; sourceTree = "<group>"; };
		31AE2D942A797BDA00DBF4B8 /* RootViewModel.swift */ = {isa = PBXFileReference; lastKnownFileType = sourcecode.swift; path = RootViewModel.swift; sourceTree = "<group>"; };
		31AE2D962A797BFB00DBF4B8 /* RootState.swift */ = {isa = PBXFileReference; lastKnownFileType = sourcecode.swift; path = RootState.swift; sourceTree = "<group>"; };
		31AE2D982A797C1300DBF4B8 /* RootCoordinator.swift */ = {isa = PBXFileReference; lastKnownFileType = sourcecode.swift; path = RootCoordinator.swift; sourceTree = "<group>"; };
		31AE2D9B2A797D5E00DBF4B8 /* ModalState.swift */ = {isa = PBXFileReference; lastKnownFileType = sourcecode.swift; path = ModalState.swift; sourceTree = "<group>"; };
		31AE2D9D2A797DAD00DBF4B8 /* ModalCoordinator.swift */ = {isa = PBXFileReference; lastKnownFileType = sourcecode.swift; path = ModalCoordinator.swift; sourceTree = "<group>"; };
		31AE2D9F2A797E4000DBF4B8 /* ModalViewModel.swift */ = {isa = PBXFileReference; lastKnownFileType = sourcecode.swift; path = ModalViewModel.swift; sourceTree = "<group>"; };
		31AE2DA22A7AABF600DBF4B8 /* OldModalView.swift */ = {isa = PBXFileReference; lastKnownFileType = sourcecode.swift; path = OldModalView.swift; sourceTree = "<group>"; };
		31AE2DA42A7AAC3D00DBF4B8 /* OldContentView.swift */ = {isa = PBXFileReference; lastKnownFileType = sourcecode.swift; path = OldContentView.swift; sourceTree = "<group>"; };
/* End PBXFileReference section */

/* Begin PBXFrameworksBuildPhase section */
		31AE2D7B2A79759B00DBF4B8 /* Frameworks */ = {
			isa = PBXFrameworksBuildPhase;
			buildActionMask = 2147483647;
			files = (
			);
			runOnlyForDeploymentPostprocessing = 0;
		};
/* End PBXFrameworksBuildPhase section */

/* Begin PBXGroup section */
		31AE2D752A79759B00DBF4B8 = {
			isa = PBXGroup;
			children = (
				31AE2D802A79759B00DBF4B8 /* TestNav */,
				31AE2D7F2A79759B00DBF4B8 /* Products */,
			);
			sourceTree = "<group>";
		};
		31AE2D7F2A79759B00DBF4B8 /* Products */ = {
			isa = PBXGroup;
			children = (
				31AE2D7E2A79759B00DBF4B8 /* TestNav.app */,
			);
			name = Products;
			sourceTree = "<group>";
		};
		31AE2D802A79759B00DBF4B8 /* TestNav */ = {
			isa = PBXGroup;
			children = (
				31AE2DA12A7A701000DBF4B8 /* Old */,
				31AE2D9A2A797D4900DBF4B8 /* Modal */,
				31AE2D932A797BCD00DBF4B8 /* Root */,
				31AE2D912A7976DA00DBF4B8 /* SecondView.swift */,
				31AE2D812A79759B00DBF4B8 /* TestNavApp.swift */,
				31AE2D852A79759C00DBF4B8 /* Assets.xcassets */,
				31AE2D872A79759C00DBF4B8 /* Preview Content */,
			);
			path = TestNav;
			sourceTree = "<group>";
		};
		31AE2D872A79759C00DBF4B8 /* Preview Content */ = {
			isa = PBXGroup;
			children = (
				31AE2D882A79759C00DBF4B8 /* Preview Assets.xcassets */,
			);
			path = "Preview Content";
			sourceTree = "<group>";
		};
		31AE2D932A797BCD00DBF4B8 /* Root */ = {
			isa = PBXGroup;
			children = (
				31AE2D832A79759B00DBF4B8 /* ContentView.swift */,
				31AE2D942A797BDA00DBF4B8 /* RootViewModel.swift */,
				31AE2D962A797BFB00DBF4B8 /* RootState.swift */,
				31AE2D982A797C1300DBF4B8 /* RootCoordinator.swift */,
			);
			path = Root;
			sourceTree = "<group>";
		};
		31AE2D9A2A797D4900DBF4B8 /* Modal */ = {
			isa = PBXGroup;
			children = (
				31AE2D8F2A7975B000DBF4B8 /* ModalView.swift */,
				31AE2D9B2A797D5E00DBF4B8 /* ModalState.swift */,
				31AE2D9D2A797DAD00DBF4B8 /* ModalCoordinator.swift */,
				31AE2D9F2A797E4000DBF4B8 /* ModalViewModel.swift */,
			);
			path = Modal;
			sourceTree = "<group>";
		};
		31AE2DA12A7A701000DBF4B8 /* Old */ = {
			isa = PBXGroup;
			children = (
				31AE2DA22A7AABF600DBF4B8 /* OldModalView.swift */,
				31AE2DA42A7AAC3D00DBF4B8 /* OldContentView.swift */,
			);
			path = Old;
			sourceTree = "<group>";
		};
/* End PBXGroup section */

/* Begin PBXNativeTarget section */
		31AE2D7D2A79759B00DBF4B8 /* TestNav */ = {
			isa = PBXNativeTarget;
			buildConfigurationList = 31AE2D8C2A79759C00DBF4B8 /* Build configuration list for PBXNativeTarget "TestNav" */;
			buildPhases = (
				31AE2D7A2A79759B00DBF4B8 /* Sources */,
				31AE2D7B2A79759B00DBF4B8 /* Frameworks */,
				31AE2D7C2A79759B00DBF4B8 /* Resources */,
			);
			buildRules = (
			);
			dependencies = (
			);
			name = TestNav;
			productName = TestNav;
			productReference = 31AE2D7E2A79759B00DBF4B8 /* TestNav.app */;
			productType = "com.apple.product-type.application";
		};
/* End PBXNativeTarget section */

/* Begin PBXProject section */
		31AE2D762A79759B00DBF4B8 /* Project object */ = {
			isa = PBXProject;
			attributes = {
				BuildIndependentTargetsInParallel = 1;
				LastSwiftUpdateCheck = 1430;
				LastUpgradeCheck = 1430;
				TargetAttributes = {
					31AE2D7D2A79759B00DBF4B8 = {
						CreatedOnToolsVersion = 14.3.1;
					};
				};
			};
			buildConfigurationList = 31AE2D792A79759B00DBF4B8 /* Build configuration list for PBXProject "TestNav" */;
			compatibilityVersion = "Xcode 14.0";
			developmentRegion = en;
			hasScannedForEncodings = 0;
			knownRegions = (
				en,
				Base,
			);
			mainGroup = 31AE2D752A79759B00DBF4B8;
			productRefGroup = 31AE2D7F2A79759B00DBF4B8 /* Products */;
			projectDirPath = "";
			projectRoot = "";
			targets = (
				31AE2D7D2A79759B00DBF4B8 /* TestNav */,
			);
		};
/* End PBXProject section */

/* Begin PBXResourcesBuildPhase section */
		31AE2D7C2A79759B00DBF4B8 /* Resources */ = {
			isa = PBXResourcesBuildPhase;
			buildActionMask = 2147483647;
			files = (
				31AE2D892A79759C00DBF4B8 /* Preview Assets.xcassets in Resources */,
				31AE2D862A79759C00DBF4B8 /* Assets.xcassets in Resources */,
			);
			runOnlyForDeploymentPostprocessing = 0;
		};
/* End PBXResourcesBuildPhase section */

/* Begin PBXSourcesBuildPhase section */
		31AE2D7A2A79759B00DBF4B8 /* Sources */ = {
			isa = PBXSourcesBuildPhase;
			buildActionMask = 2147483647;
			files = (
				31AE2D952A797BDA00DBF4B8 /* RootViewModel.swift in Sources */,
				31AE2D9C2A797D5E00DBF4B8 /* ModalState.swift in Sources */,
				31AE2DA02A797E4000DBF4B8 /* ModalViewModel.swift in Sources */,
				31AE2D972A797BFB00DBF4B8 /* RootState.swift in Sources */,
				31AE2DA52A7AAC3D00DBF4B8 /* OldContentView.swift in Sources */,
				31AE2D902A7975B000DBF4B8 /* ModalView.swift in Sources */,
				31AE2D842A79759B00DBF4B8 /* ContentView.swift in Sources */,
				31AE2DA32A7AABF600DBF4B8 /* OldModalView.swift in Sources */,
				31AE2D922A7976DA00DBF4B8 /* SecondView.swift in Sources */,
				31AE2D822A79759B00DBF4B8 /* TestNavApp.swift in Sources */,
				31AE2D992A797C1300DBF4B8 /* RootCoordinator.swift in Sources */,
				31AE2D9E2A797DAD00DBF4B8 /* ModalCoordinator.swift in Sources */,
			);
			runOnlyForDeploymentPostprocessing = 0;
		};
/* End PBXSourcesBuildPhase section */

/* Begin XCBuildConfiguration section */
		31AE2D8A2A79759C00DBF4B8 /* Debug */ = {
			isa = XCBuildConfiguration;
			buildSettings = {
				ALWAYS_SEARCH_USER_PATHS = NO;
				CLANG_ANALYZER_NONNULL = YES;
				CLANG_ANALYZER_NUMBER_OBJECT_CONVERSION = YES_AGGRESSIVE;
				CLANG_CXX_LANGUAGE_STANDARD = "gnu++20";
				CLANG_ENABLE_MODULES = YES;
				CLANG_ENABLE_OBJC_ARC = YES;
				CLANG_ENABLE_OBJC_WEAK = YES;
				CLANG_WARN_BLOCK_CAPTURE_AUTORELEASING = YES;
				CLANG_WARN_BOOL_CONVERSION = YES;
				CLANG_WARN_COMMA = YES;
				CLANG_WARN_CONSTANT_CONVERSION = YES;
				CLANG_WARN_DEPRECATED_OBJC_IMPLEMENTATIONS = YES;
				CLANG_WARN_DIRECT_OBJC_ISA_USAGE = YES_ERROR;
				CLANG_WARN_DOCUMENTATION_COMMENTS = YES;
				CLANG_WARN_EMPTY_BODY = YES;
				CLANG_WARN_ENUM_CONVERSION = YES;
				CLANG_WARN_INFINITE_RECURSION = YES;
				CLANG_WARN_INT_CONVERSION = YES;
				CLANG_WARN_NON_LITERAL_NULL_CONVERSION = YES;
				CLANG_WARN_OBJC_IMPLICIT_RETAIN_SELF = YES;
				CLANG_WARN_OBJC_LITERAL_CONVERSION = YES;
				CLANG_WARN_OBJC_ROOT_CLASS = YES_ERROR;
				CLANG_WARN_QUOTED_INCLUDE_IN_FRAMEWORK_HEADER = YES;
				CLANG_WARN_RANGE_LOOP_ANALYSIS = YES;
				CLANG_WARN_STRICT_PROTOTYPES = YES;
				CLANG_WARN_SUSPICIOUS_MOVE = YES;
				CLANG_WARN_UNGUARDED_AVAILABILITY = YES_AGGRESSIVE;
				CLANG_WARN_UNREACHABLE_CODE = YES;
				CLANG_WARN__DUPLICATE_METHOD_MATCH = YES;
				COPY_PHASE_STRIP = NO;
				DEBUG_INFORMATION_FORMAT = dwarf;
				ENABLE_STRICT_OBJC_MSGSEND = YES;
				ENABLE_TESTABILITY = YES;
				GCC_C_LANGUAGE_STANDARD = gnu11;
				GCC_DYNAMIC_NO_PIC = NO;
				GCC_NO_COMMON_BLOCKS = YES;
				GCC_OPTIMIZATION_LEVEL = 0;
				GCC_PREPROCESSOR_DEFINITIONS = (
					"DEBUG=1",
					"$(inherited)",
				);
				GCC_WARN_64_TO_32_BIT_CONVERSION = YES;
				GCC_WARN_ABOUT_RETURN_TYPE = YES_ERROR;
				GCC_WARN_UNDECLARED_SELECTOR = YES;
				GCC_WARN_UNINITIALIZED_AUTOS = YES_AGGRESSIVE;
				GCC_WARN_UNUSED_FUNCTION = YES;
				GCC_WARN_UNUSED_VARIABLE = YES;
				IPHONEOS_DEPLOYMENT_TARGET = 16.4;
				MTL_ENABLE_DEBUG_INFO = INCLUDE_SOURCE;
				MTL_FAST_MATH = YES;
				ONLY_ACTIVE_ARCH = YES;
				SDKROOT = iphoneos;
				SWIFT_ACTIVE_COMPILATION_CONDITIONS = DEBUG;
				SWIFT_OPTIMIZATION_LEVEL = "-Onone";
			};
			name = Debug;
		};
		31AE2D8B2A79759C00DBF4B8 /* Release */ = {
			isa = XCBuildConfiguration;
			buildSettings = {
				ALWAYS_SEARCH_USER_PATHS = NO;
				CLANG_ANALYZER_NONNULL = YES;
				CLANG_ANALYZER_NUMBER_OBJECT_CONVERSION = YES_AGGRESSIVE;
				CLANG_CXX_LANGUAGE_STANDARD = "gnu++20";
				CLANG_ENABLE_MODULES = YES;
				CLANG_ENABLE_OBJC_ARC = YES;
				CLANG_ENABLE_OBJC_WEAK = YES;
				CLANG_WARN_BLOCK_CAPTURE_AUTORELEASING = YES;
				CLANG_WARN_BOOL_CONVERSION = YES;
				CLANG_WARN_COMMA = YES;
				CLANG_WARN_CONSTANT_CONVERSION = YES;
				CLANG_WARN_DEPRECATED_OBJC_IMPLEMENTATIONS = YES;
				CLANG_WARN_DIRECT_OBJC_ISA_USAGE = YES_ERROR;
				CLANG_WARN_DOCUMENTATION_COMMENTS = YES;
				CLANG_WARN_EMPTY_BODY = YES;
				CLANG_WARN_ENUM_CONVERSION = YES;
				CLANG_WARN_INFINITE_RECURSION = YES;
				CLANG_WARN_INT_CONVERSION = YES;
				CLANG_WARN_NON_LITERAL_NULL_CONVERSION = YES;
				CLANG_WARN_OBJC_IMPLICIT_RETAIN_SELF = YES;
				CLANG_WARN_OBJC_LITERAL_CONVERSION = YES;
				CLANG_WARN_OBJC_ROOT_CLASS = YES_ERROR;
				CLANG_WARN_QUOTED_INCLUDE_IN_FRAMEWORK_HEADER = YES;
				CLANG_WARN_RANGE_LOOP_ANALYSIS = YES;
				CLANG_WARN_STRICT_PROTOTYPES = YES;
				CLANG_WARN_SUSPICIOUS_MOVE = YES;
				CLANG_WARN_UNGUARDED_AVAILABILITY = YES_AGGRESSIVE;
				CLANG_WARN_UNREACHABLE_CODE = YES;
				CLANG_WARN__DUPLICATE_METHOD_MATCH = YES;
				COPY_PHASE_STRIP = NO;
				DEBUG_INFORMATION_FORMAT = "dwarf-with-dsym";
				ENABLE_NS_ASSERTIONS = NO;
				ENABLE_STRICT_OBJC_MSGSEND = YES;
				GCC_C_LANGUAGE_STANDARD = gnu11;
				GCC_NO_COMMON_BLOCKS = YES;
				GCC_WARN_64_TO_32_BIT_CONVERSION = YES;
				GCC_WARN_ABOUT_RETURN_TYPE = YES_ERROR;
				GCC_WARN_UNDECLARED_SELECTOR = YES;
				GCC_WARN_UNINITIALIZED_AUTOS = YES_AGGRESSIVE;
				GCC_WARN_UNUSED_FUNCTION = YES;
				GCC_WARN_UNUSED_VARIABLE = YES;
				IPHONEOS_DEPLOYMENT_TARGET = 16.4;
				MTL_ENABLE_DEBUG_INFO = NO;
				MTL_FAST_MATH = YES;
				SDKROOT = iphoneos;
				SWIFT_COMPILATION_MODE = wholemodule;
				SWIFT_OPTIMIZATION_LEVEL = "-O";
				VALIDATE_PRODUCT = YES;
			};
			name = Release;
		};
		31AE2D8D2A79759C00DBF4B8 /* Debug */ = {
			isa = XCBuildConfiguration;
			buildSettings = {
				ASSETCATALOG_COMPILER_APPICON_NAME = AppIcon;
				ASSETCATALOG_COMPILER_GLOBAL_ACCENT_COLOR_NAME = AccentColor;
				CODE_SIGN_STYLE = Automatic;
				CURRENT_PROJECT_VERSION = 1;
				DEVELOPMENT_ASSET_PATHS = "\"TestNav/Preview Content\"";
				DEVELOPMENT_TEAM = CDZA42UB8C;
				ENABLE_PREVIEWS = YES;
				GENERATE_INFOPLIST_FILE = YES;
				INFOPLIST_KEY_UIApplicationSceneManifest_Generation = YES;
				INFOPLIST_KEY_UIApplicationSupportsIndirectInputEvents = YES;
				INFOPLIST_KEY_UILaunchScreen_Generation = YES;
				INFOPLIST_KEY_UISupportedInterfaceOrientations_iPad = "UIInterfaceOrientationPortrait UIInterfaceOrientationPortraitUpsideDown UIInterfaceOrientationLandscapeLeft UIInterfaceOrientationLandscapeRight";
				INFOPLIST_KEY_UISupportedInterfaceOrientations_iPhone = "UIInterfaceOrientationPortrait UIInterfaceOrientationLandscapeLeft UIInterfaceOrientationLandscapeRight";
				LD_RUNPATH_SEARCH_PATHS = (
					"$(inherited)",
					"@executable_path/Frameworks",
				);
				MARKETING_VERSION = 1.0;
				PRODUCT_BUNDLE_IDENTIFIER = com.x2mobile.TestNav;
				PRODUCT_NAME = "$(TARGET_NAME)";
				SWIFT_EMIT_LOC_STRINGS = YES;
				SWIFT_VERSION = 5.0;
				TARGETED_DEVICE_FAMILY = "1,2";
			};
			name = Debug;
		};
		31AE2D8E2A79759C00DBF4B8 /* Release */ = {
			isa = XCBuildConfiguration;
			buildSettings = {
				ASSETCATALOG_COMPILER_APPICON_NAME = AppIcon;
				ASSETCATALOG_COMPILER_GLOBAL_ACCENT_COLOR_NAME = AccentColor;
				CODE_SIGN_STYLE = Automatic;
				CURRENT_PROJECT_VERSION = 1;
				DEVELOPMENT_ASSET_PATHS = "\"TestNav/Preview Content\"";
				DEVELOPMENT_TEAM = CDZA42UB8C;
				ENABLE_PREVIEWS = YES;
				GENERATE_INFOPLIST_FILE = YES;
				INFOPLIST_KEY_UIApplicationSceneManifest_Generation = YES;
				INFOPLIST_KEY_UIApplicationSupportsIndirectInputEvents = YES;
				INFOPLIST_KEY_UILaunchScreen_Generation = YES;
				INFOPLIST_KEY_UISupportedInterfaceOrientations_iPad = "UIInterfaceOrientationPortrait UIInterfaceOrientationPortraitUpsideDown UIInterfaceOrientationLandscapeLeft UIInterfaceOrientationLandscapeRight";
				INFOPLIST_KEY_UISupportedInterfaceOrientations_iPhone = "UIInterfaceOrientationPortrait UIInterfaceOrientationLandscapeLeft UIInterfaceOrientationLandscapeRight";
				LD_RUNPATH_SEARCH_PATHS = (
					"$(inherited)",
					"@executable_path/Frameworks",
				);
				MARKETING_VERSION = 1.0;
				PRODUCT_BUNDLE_IDENTIFIER = com.x2mobile.TestNav;
				PRODUCT_NAME = "$(TARGET_NAME)";
				SWIFT_EMIT_LOC_STRINGS = YES;
				SWIFT_VERSION = 5.0;
				TARGETED_DEVICE_FAMILY = "1,2";
			};
			name = Release;
		};
/* End XCBuildConfiguration section */

/* Begin XCConfigurationList section */
		31AE2D792A79759B00DBF4B8 /* Build configuration list for PBXProject "TestNav" */ = {
			isa = XCConfigurationList;
			buildConfigurations = (
				31AE2D8A2A79759C00DBF4B8 /* Debug */,
				31AE2D8B2A79759C00DBF4B8 /* Release */,
			);
			defaultConfigurationIsVisible = 0;
			defaultConfigurationName = Release;
		};
		31AE2D8C2A79759C00DBF4B8 /* Build configuration list for PBXNativeTarget "TestNav" */ = {
			isa = XCConfigurationList;
			buildConfigurations = (
				31AE2D8D2A79759C00DBF4B8 /* Debug */,
				31AE2D8E2A79759C00DBF4B8 /* Release */,
			);
			defaultConfigurationIsVisible = 0;
			defaultConfigurationName = Release;
		};
/* End XCConfigurationList section */
	};
	rootObject = 31AE2D762A79759B00DBF4B8 /* Project object */;
}
